
Microsoft Visual Studio Solution File, Format Version 12.00
# Visual Studio Version 17
VisualStudioVersion = 17.8.34309.116
MinimumVisualStudioVersion = 10.0.40219.1
Project("{FAE04EC0-301F-11D3-BF4B-00C04F79EFBC}") = "ClaimHandler", "ClaimHandler.csproj", "{37957AE3-7A59-4DA2-A009-D363EF13559D}"
EndProject
Global
	GlobalSection(SolutionConfigurationPlatforms) = preSolution
		Debug|Any CPU = Debug|Any CPU
		Release|Any CPU = Release|Any CPU
	EndGlobalSection
	GlobalSection(ProjectConfigurationPlatforms) = postSolution
		{37957AE3-7A59-4DA2-A009-D363EF13559D}.Debug|Any CPU.ActiveCfg = Debug|Any CPU
		{37957AE3-7A59-4DA2-A009-D363EF13559D}.Debug|Any CPU.Build.0 = Debug|Any CPU
		{37957AE3-7A59-4DA2-A009-D363EF13559D}.Release|Any CPU.ActiveCfg = Release|Any CPU
		{37957AE3-7A59-4DA2-A009-D363EF13559D}.Release|Any CPU.Build.0 = Release|Any CPU
	EndGlobalSection
	GlobalSection(SolutionProperties) = preSolution
		HideSolutionNode = FALSE
	EndGlobalSection
	GlobalSection(ExtensibilityGlobals) = postSolution
		SolutionGuid = {B9B61A08-A764-4FF4-B061-E71330DEB9FC}
	EndGlobalSection
EndGlobal
